
Microsoft Visual Studio Solution File, Format Version 12.00
# Visual Studio Version 17
VisualStudioVersion = 17.6.33723.286
MinimumVisualStudioVersion = 10.0.40219.1
Project("{FAE04EC0-301F-11D3-BF4B-00C04F79EFBC}") = "LilithLurker", "LilithLurker\LilithLurker.csproj", "{926DB908-82E4-43F3-9EAC-A2FDA2B4B1B3}"
EndProject
Global
	GlobalSection(SolutionConfigurationPlatforms) = preSolution
		Debug|Any CPU = Debug|Any CPU
		Release|Any CPU = Release|Any CPU
	EndGlobalSection
	GlobalSection(ProjectConfigurationPlatforms) = postSolution
		{926DB908-82E4-43F3-9EAC-A2FDA2B4B1B3}.Debug|Any CPU.ActiveCfg = Debug|Any CPU
		{926DB908-82E4-43F3-9EAC-A2FDA2B4B1B3}.Debug|Any CPU.Build.0 = Debug|Any CPU
		{926DB908-82E4-43F3-9EAC-A2FDA2B4B1B3}.Release|Any CPU.ActiveCfg = Release|Any CPU
		{926DB908-82E4-43F3-9EAC-A2FDA2B4B1B3}.Release|Any CPU.Build.0 = Release|Any CPU
	EndGlobalSection
	GlobalSection(SolutionProperties) = preSolution
		HideSolutionNode = FALSE
	EndGlobalSection
	GlobalSection(ExtensibilityGlobals) = postSolution
		SolutionGuid = {AE6BF007-5DDC-4390-9C86-ED050AA9CAB7}
	EndGlobalSection
EndGlobal
